
Microsoft Visual Studio Solution File, Format Version 12.00
# Visual Studio Version 17
VisualStudioVersion = 17.5.33502.453
MinimumVisualStudioVersion = 10.0.40219.1
Project("{FAE04EC0-301F-11D3-BF4B-00C04F79EFBC}") = "myproject1", "myproject1\myproject1.csproj", "{74069FDE-D1CD-4E14-9A39-8A506828BABE}"
EndProject
Global
	GlobalSection(SolutionConfigurationPlatforms) = preSolution
		Debug|Any CPU = Debug|Any CPU
		Release|Any CPU = Release|Any CPU
	EndGlobalSection
	GlobalSection(ProjectConfigurationPlatforms) = postSolution
		{74069FDE-D1CD-4E14-9A39-8A506828BABE}.Debug|Any CPU.ActiveCfg = Debug|Any CPU
		{74069FDE-D1CD-4E14-9A39-8A506828BABE}.Debug|Any CPU.Build.0 = Debug|Any CPU
		{74069FDE-D1CD-4E14-9A39-8A506828BABE}.Release|Any CPU.ActiveCfg = Release|Any CPU
		{74069FDE-D1CD-4E14-9A39-8A506828BABE}.Release|Any CPU.Build.0 = Release|Any CPU
	EndGlobalSection
	GlobalSection(SolutionProperties) = preSolution
		HideSolutionNode = FALSE
	EndGlobalSection
	GlobalSection(ExtensibilityGlobals) = postSolution
		SolutionGuid = {2F4B250E-3B95-48A0-A5CA-0E61ED753194}
	EndGlobalSection
EndGlobal
